
Microsoft Visual Studio Solution File, Format Version 12.00
# Visual Studio Version 17
VisualStudioVersion = 17.13.35825.156 d17.13
MinimumVisualStudioVersion = 10.0.40219.1
Project("{FAE04EC0-301F-11D3-BF4B-00C04F79EFBC}") = "Aoe2", "Aoe2.csproj", "{579FF856-E96D-4126-A95C-108724A40968}"
EndProject
Global
	GlobalSection(SolutionConfigurationPlatforms) = preSolution
		Debug|Any CPU = Debug|Any CPU
		Release|Any CPU = Release|Any CPU
	EndGlobalSection
	GlobalSection(ProjectConfigurationPlatforms) = postSolution
		{579FF856-E96D-4126-A95C-108724A40968}.Debug|Any CPU.ActiveCfg = Debug|Any CPU
		{579FF856-E96D-4126-A95C-108724A40968}.Debug|Any CPU.Build.0 = Debug|Any CPU
		{579FF856-E96D-4126-A95C-108724A40968}.Release|Any CPU.ActiveCfg = Release|Any CPU
		{579FF856-E96D-4126-A95C-108724A40968}.Release|Any CPU.Build.0 = Release|Any CPU
	EndGlobalSection
	GlobalSection(SolutionProperties) = preSolution
		HideSolutionNode = FALSE
	EndGlobalSection
	GlobalSection(ExtensibilityGlobals) = postSolution
		SolutionGuid = {53C1CD0C-29FF-4CF9-8E2A-5CA7C51E9156}
	EndGlobalSection
EndGlobal
