
Microsoft Visual Studio Solution File, Format Version 12.00
# Visual Studio Version 17
VisualStudioVersion = 17.2.32519.379
MinimumVisualStudioVersion = 10.0.40219.1
Project("{FAE04EC0-301F-11D3-BF4B-00C04F79EFBC}") = "b5", "b5.csproj", "{23D75B00-3360-46B1-9019-1B47AC015B76}"
EndProject
Global
	GlobalSection(SolutionConfigurationPlatforms) = preSolution
		Debug|Any CPU = Debug|Any CPU
		Release|Any CPU = Release|Any CPU
	EndGlobalSection
	GlobalSection(ProjectConfigurationPlatforms) = postSolution
		{23D75B00-3360-46B1-9019-1B47AC015B76}.Debug|Any CPU.ActiveCfg = Debug|Any CPU
		{23D75B00-3360-46B1-9019-1B47AC015B76}.Debug|Any CPU.Build.0 = Debug|Any CPU
		{23D75B00-3360-46B1-9019-1B47AC015B76}.Release|Any CPU.ActiveCfg = Release|Any CPU
		{23D75B00-3360-46B1-9019-1B47AC015B76}.Release|Any CPU.Build.0 = Release|Any CPU
	EndGlobalSection
	GlobalSection(SolutionProperties) = preSolution
		HideSolutionNode = FALSE
	EndGlobalSection
	GlobalSection(ExtensibilityGlobals) = postSolution
		SolutionGuid = {78381755-A8A5-484F-8F38-3A610CCD4A93}
	EndGlobalSection
EndGlobal
